<?xml version="1.0" encoding="UTF-8"?>
<CodeBlocks_project_file>
	<FileVersion major="1" minor="6"/>
	<Project>
		<Option title="KinectFusion"/>
		<Option makefile_is_custom="1"/>
		<Option compiler="gcc"/>
		<Option virtualFolders="CMake Files\;CMake Files\..\;CMake Files\..\..\;CMake Files\..\..\..\;CMake Files\..\..\..\..\;CMake Files\..\..\..\..\..\;CMake Files\..\..\..\..\..\usr\;CMake Files\..\..\..\..\..\usr\local\;CMake Files\..\..\..\..\..\usr\local\share\;CMake Files\..\..\..\..\..\usr\local\share\eigen3\;CMake Files\..\..\..\..\..\usr\local\share\eigen3\cmake\;CMake Files\..\..\..\..\..\usr\local\lib\;CMake Files\..\..\..\..\..\usr\local\lib\cmake\;CMake Files\..\..\..\..\..\usr\local\lib\cmake\Ceres\;CMake Files\..\..\..\..\..\usr\lib\;CMake Files\..\..\..\..\..\usr\lib\x86_64-linux-gnu\;CMake Files\..\..\..\..\..\usr\lib\x86_64-linux-gnu\cmake\;CMake Files\..\..\..\..\..\usr\lib\x86_64-linux-gnu\cmake\realsense2\;CMake Files\cmake\;"/>
		<Build>
			<Target title="all">
				<Option working_dir="/home/frankzl/uni/in2354_3d_scanning/KineticFusion"/>
				<Option type="4"/>
				<MakeCommands>
					<Build command="/usr/bin/make -j4 -f &quot;/home/frankzl/uni/in2354_3d_scanning/KineticFusion/Makefile&quot;  VERBOSE=1 all"/>
					<CompileFile command="/usr/bin/make -j4 -f &quot;/home/frankzl/uni/in2354_3d_scanning/KineticFusion/Makefile&quot;  VERBOSE=1 &quot;$file&quot;"/>
					<Clean command="/usr/bin/make -j4 -f &quot;/home/frankzl/uni/in2354_3d_scanning/KineticFusion/Makefile&quot;  VERBOSE=1 clean"/>
					<DistClean command="/usr/bin/make -j4 -f &quot;/home/frankzl/uni/in2354_3d_scanning/KineticFusion/Makefile&quot;  VERBOSE=1 clean"/>
				</MakeCommands>
			</Target>
			<Target title="rebuild_cache">
				<Option working_dir="/home/frankzl/uni/in2354_3d_scanning/KineticFusion"/>
				<Option type="4"/>
				<MakeCommands>
					<Build command="/usr/bin/make -j4 -f &quot;/home/frankzl/uni/in2354_3d_scanning/KineticFusion/Makefile&quot;  VERBOSE=1 rebuild_cache"/>
					<CompileFile command="/usr/bin/make -j4 -f &quot;/home/frankzl/uni/in2354_3d_scanning/KineticFusion/Makefile&quot;  VERBOSE=1 &quot;$file&quot;"/>
					<Clean command="/usr/bin/make -j4 -f &quot;/home/frankzl/uni/in2354_3d_scanning/KineticFusion/Makefile&quot;  VERBOSE=1 clean"/>
					<DistClean command="/usr/bin/make -j4 -f &quot;/home/frankzl/uni/in2354_3d_scanning/KineticFusion/Makefile&quot;  VERBOSE=1 clean"/>
				</MakeCommands>
			</Target>
			<Target title="KinectFusion">
				<Option output="/home/frankzl/uni/in2354_3d_scanning/KineticFusion/bin/KinectFusion" prefix_auto="0" extension_auto="0"/>
				<Option working_dir="bin"/>
				<Option object_output="./"/>
				<Option type="1"/>
				<Option compiler="gcc"/>
				<Compiler>
					<Add directory="/usr/local/include/eigen3"/>
					<Add directory="/home/frankzl/uni/in2354_3d_scanning/KineticFusion/include"/>
					<Add directory="/usr/include/c++/5"/>
					<Add directory="/usr/include/x86_64-linux-gnu/c++/5"/>
					<Add directory="/usr/include/c++/5/backward"/>
					<Add directory="/usr/lib/gcc/x86_64-linux-gnu/5/include"/>
					<Add directory="/usr/local/include"/>
					<Add directory="/usr/lib/gcc/x86_64-linux-gnu/5/include-fixed"/>
					<Add directory="/usr/include/x86_64-linux-gnu"/>
					<Add directory="/usr/include"/>
				</Compiler>
				<MakeCommands>
					<Build command="/usr/bin/make -j4 -f &quot;/home/frankzl/uni/in2354_3d_scanning/KineticFusion/Makefile&quot;  VERBOSE=1 KinectFusion"/>
					<CompileFile command="/usr/bin/make -j4 -f &quot;/home/frankzl/uni/in2354_3d_scanning/KineticFusion/Makefile&quot;  VERBOSE=1 &quot;$file&quot;"/>
					<Clean command="/usr/bin/make -j4 -f &quot;/home/frankzl/uni/in2354_3d_scanning/KineticFusion/Makefile&quot;  VERBOSE=1 clean"/>
					<DistClean command="/usr/bin/make -j4 -f &quot;/home/frankzl/uni/in2354_3d_scanning/KineticFusion/Makefile&quot;  VERBOSE=1 clean"/>
				</MakeCommands>
			</Target>
			<Target title="KinectFusion/fast">
				<Option output="/home/frankzl/uni/in2354_3d_scanning/KineticFusion/bin/KinectFusion" prefix_auto="0" extension_auto="0"/>
				<Option working_dir="bin"/>
				<Option object_output="./"/>
				<Option type="1"/>
				<Option compiler="gcc"/>
				<Compiler>
					<Add directory="/usr/local/include/eigen3"/>
					<Add directory="/home/frankzl/uni/in2354_3d_scanning/KineticFusion/include"/>
					<Add directory="/usr/include/c++/5"/>
					<Add directory="/usr/include/x86_64-linux-gnu/c++/5"/>
					<Add directory="/usr/include/c++/5/backward"/>
					<Add directory="/usr/lib/gcc/x86_64-linux-gnu/5/include"/>
					<Add directory="/usr/local/include"/>
					<Add directory="/usr/lib/gcc/x86_64-linux-gnu/5/include-fixed"/>
					<Add directory="/usr/include/x86_64-linux-gnu"/>
					<Add directory="/usr/include"/>
				</Compiler>
				<MakeCommands>
					<Build command="/usr/bin/make -j4 -f &quot;/home/frankzl/uni/in2354_3d_scanning/KineticFusion/Makefile&quot;  VERBOSE=1 KinectFusion/fast"/>
					<CompileFile command="/usr/bin/make -j4 -f &quot;/home/frankzl/uni/in2354_3d_scanning/KineticFusion/Makefile&quot;  VERBOSE=1 &quot;$file&quot;"/>
					<Clean command="/usr/bin/make -j4 -f &quot;/home/frankzl/uni/in2354_3d_scanning/KineticFusion/Makefile&quot;  VERBOSE=1 clean"/>
					<DistClean command="/usr/bin/make -j4 -f &quot;/home/frankzl/uni/in2354_3d_scanning/KineticFusion/Makefile&quot;  VERBOSE=1 clean"/>
				</MakeCommands>
			</Target>
			<Target title="edit_cache">
				<Option working_dir="/home/frankzl/uni/in2354_3d_scanning/KineticFusion"/>
				<Option type="4"/>
				<MakeCommands>
					<Build command="/usr/bin/make -j4 -f &quot;/home/frankzl/uni/in2354_3d_scanning/KineticFusion/Makefile&quot;  VERBOSE=1 edit_cache"/>
					<CompileFile command="/usr/bin/make -j4 -f &quot;/home/frankzl/uni/in2354_3d_scanning/KineticFusion/Makefile&quot;  VERBOSE=1 &quot;$file&quot;"/>
					<Clean command="/usr/bin/make -j4 -f &quot;/home/frankzl/uni/in2354_3d_scanning/KineticFusion/Makefile&quot;  VERBOSE=1 clean"/>
					<DistClean command="/usr/bin/make -j4 -f &quot;/home/frankzl/uni/in2354_3d_scanning/KineticFusion/Makefile&quot;  VERBOSE=1 clean"/>
				</MakeCommands>
			</Target>
		</Build>
		<Unit filename="/home/frankzl/uni/in2354_3d_scanning/KineticFusion/src/DepthSensor.cpp">
			<Option target="KinectFusion"/>
		</Unit>
		<Unit filename="/home/frankzl/uni/in2354_3d_scanning/KineticFusion/src/Frame.cpp">
			<Option target="KinectFusion"/>
		</Unit>
		<Unit filename="/home/frankzl/uni/in2354_3d_scanning/KineticFusion/src/FreeImageHelper.cpp">
			<Option target="KinectFusion"/>
		</Unit>
		<Unit filename="/home/frankzl/uni/in2354_3d_scanning/KineticFusion/src/icp.cpp">
			<Option target="KinectFusion"/>
		</Unit>
		<Unit filename="/home/frankzl/uni/in2354_3d_scanning/KineticFusion/src/main.cpp">
			<Option target="KinectFusion"/>
		</Unit>
		<Unit filename="/home/frankzl/uni/in2354_3d_scanning/KineticFusion/CMakeLists.txt">
			<Option virtualFolder="CMake Files\"/>
		</Unit>
		<Unit filename="/home/frankzl/uni/in2354_3d_scanning/KineticFusion/../../../../../usr/local/share/eigen3/cmake/Eigen3Config.cmake">
			<Option virtualFolder="CMake Files\..\..\..\..\..\usr\local\share\eigen3\cmake\"/>
		</Unit>
		<Unit filename="/home/frankzl/uni/in2354_3d_scanning/KineticFusion/../../../../../usr/local/share/eigen3/cmake/Eigen3ConfigVersion.cmake">
			<Option virtualFolder="CMake Files\..\..\..\..\..\usr\local\share\eigen3\cmake\"/>
		</Unit>
		<Unit filename="/home/frankzl/uni/in2354_3d_scanning/KineticFusion/../../../../../usr/local/share/eigen3/cmake/Eigen3Targets.cmake">
			<Option virtualFolder="CMake Files\..\..\..\..\..\usr\local\share\eigen3\cmake\"/>
		</Unit>
		<Unit filename="/home/frankzl/uni/in2354_3d_scanning/KineticFusion/../../../../../usr/local/lib/cmake/Ceres/CeresConfig.cmake">
			<Option virtualFolder="CMake Files\..\..\..\..\..\usr\local\lib\cmake\Ceres\"/>
		</Unit>
		<Unit filename="/home/frankzl/uni/in2354_3d_scanning/KineticFusion/../../../../../usr/local/lib/cmake/Ceres/CeresConfigVersion.cmake">
			<Option virtualFolder="CMake Files\..\..\..\..\..\usr\local\lib\cmake\Ceres\"/>
		</Unit>
		<Unit filename="/home/frankzl/uni/in2354_3d_scanning/KineticFusion/../../../../../usr/local/lib/cmake/Ceres/CeresTargets-release.cmake">
			<Option virtualFolder="CMake Files\..\..\..\..\..\usr\local\lib\cmake\Ceres\"/>
		</Unit>
		<Unit filename="/home/frankzl/uni/in2354_3d_scanning/KineticFusion/../../../../../usr/local/lib/cmake/Ceres/CeresTargets.cmake">
			<Option virtualFolder="CMake Files\..\..\..\..\..\usr\local\lib\cmake\Ceres\"/>
		</Unit>
		<Unit filename="/home/frankzl/uni/in2354_3d_scanning/KineticFusion/../../../../../usr/local/lib/cmake/Ceres/FindEigen.cmake">
			<Option virtualFolder="CMake Files\..\..\..\..\..\usr\local\lib\cmake\Ceres\"/>
		</Unit>
		<Unit filename="/home/frankzl/uni/in2354_3d_scanning/KineticFusion/../../../../../usr/local/lib/cmake/Ceres/FindGflags.cmake">
			<Option virtualFolder="CMake Files\..\..\..\..\..\usr\local\lib\cmake\Ceres\"/>
		</Unit>
		<Unit filename="/home/frankzl/uni/in2354_3d_scanning/KineticFusion/../../../../../usr/local/lib/cmake/Ceres/FindGlog.cmake">
			<Option virtualFolder="CMake Files\..\..\..\..\..\usr\local\lib\cmake\Ceres\"/>
		</Unit>
		<Unit filename="/home/frankzl/uni/in2354_3d_scanning/KineticFusion/../../../../../usr/lib/x86_64-linux-gnu/cmake/realsense2/realsense2Config.cmake">
			<Option virtualFolder="CMake Files\..\..\..\..\..\usr\lib\x86_64-linux-gnu\cmake\realsense2\"/>
		</Unit>
		<Unit filename="/home/frankzl/uni/in2354_3d_scanning/KineticFusion/../../../../../usr/lib/x86_64-linux-gnu/cmake/realsense2/realsense2ConfigVersion.cmake">
			<Option virtualFolder="CMake Files\..\..\..\..\..\usr\lib\x86_64-linux-gnu\cmake\realsense2\"/>
		</Unit>
		<Unit filename="/home/frankzl/uni/in2354_3d_scanning/KineticFusion/../../../../../usr/lib/x86_64-linux-gnu/cmake/realsense2/realsense2Targets-release.cmake">
			<Option virtualFolder="CMake Files\..\..\..\..\..\usr\lib\x86_64-linux-gnu\cmake\realsense2\"/>
		</Unit>
		<Unit filename="/home/frankzl/uni/in2354_3d_scanning/KineticFusion/../../../../../usr/lib/x86_64-linux-gnu/cmake/realsense2/realsense2Targets.cmake">
			<Option virtualFolder="CMake Files\..\..\..\..\..\usr\lib\x86_64-linux-gnu\cmake\realsense2\"/>
		</Unit>
		<Unit filename="/home/frankzl/uni/in2354_3d_scanning/KineticFusion/cmake/FindFreeImage.cmake">
			<Option virtualFolder="CMake Files\cmake\"/>
		</Unit>
		<Unit filename="/home/frankzl/uni/in2354_3d_scanning/KineticFusion/cmake/FindSophus.cmake">
			<Option virtualFolder="CMake Files\cmake\"/>
		</Unit>
	</Project>
</CodeBlocks_project_file>
